{
    "version": 3,
    "terraform_version": "0.11.13",
    "serial": 25,
    "lineage": "e7f35c96-47b5-1353-8812-96f8e94f40e2",
    "modules": [
        {
            "path": [
                "root"
            ],
            "outputs": {
                "elb_dns_name": {
                    "sensitive": false,
                    "type": "string",
                    "value": "elb-2036384862.eu-west-1.elb.amazonaws.com"
                }
            },
            "resources": {
                "aws_autoscaling_group.asg_ai": {
                    "type": "aws_autoscaling_group",
                    "depends_on": [
                        "aws_elb.elb-ai",
                        "aws_launch_configuration.lc_ai",
                        "data.aws_availability_zones.all"
                    ],
                    "primary": {
                        "id": "tf-asg-20190405201047835700000001",
                        "attributes": {
                            "arn": "arn:aws:autoscaling:eu-west-1:289844369339:autoScalingGroup:82f4f2be-8684-4c5b-b04c-4ee67680fd56:autoScalingGroupName/tf-asg-20190405201047835700000001",
                            "availability_zones.#": "3",
                            "availability_zones.1924028850": "eu-west-1b",
                            "availability_zones.3953592328": "eu-west-1a",
                            "availability_zones.94988580": "eu-west-1c",
                            "default_cooldown": "300",
                            "desired_capacity": "2",
                            "enabled_metrics.#": "0",
                            "force_delete": "false",
                            "health_check_grace_period": "300",
                            "health_check_type": "ELB",
                            "id": "tf-asg-20190405201047835700000001",
                            "launch_configuration": "cluster_temp",
                            "launch_template.#": "0",
                            "load_balancers.#": "1",
                            "load_balancers.3685348358": "elb",
                            "max_size": "6",
                            "metrics_granularity": "1Minute",
                            "min_size": "2",
                            "mixed_instances_policy.#": "0",
                            "name": "tf-asg-20190405201047835700000001",
                            "placement_group": "",
                            "protect_from_scale_in": "false",
                            "service_linked_role_arn": "arn:aws:iam::289844369339:role/aws-service-role/autoscaling.amazonaws.com/AWSServiceRoleForAutoScaling",
                            "suspended_processes.#": "0",
                            "tag.#": "1",
                            "tag.315523292.key": "Name",
                            "tag.315523292.propagate_at_launch": "true",
                            "tag.315523292.value": "terraform-asg-example05",
                            "target_group_arns.#": "0",
                            "termination_policies.#": "0",
                            "vpc_zone_identifier.#": "0",
                            "wait_for_capacity_timeout": "10m"
                        },
                        "meta": {
                            "e2bfb730-ecaa-11e6-8f88-34363bc7c4c0": {
                                "delete": 600000000000
                            }
                        },
                        "tainted": false
                    },
                    "deposed": [],
                    "provider": "provider.aws"
                },
                "aws_elb.elb-ai": {
                    "type": "aws_elb",
                    "depends_on": [
                        "aws_security_group.elb_sg",
                        "data.aws_availability_zones.all"
                    ],
                    "primary": {
                        "id": "elb",
                        "attributes": {
                            "access_logs.#": "0",
                            "arn": "arn:aws:elasticloadbalancing:eu-west-1:289844369339:loadbalancer/elb",
                            "availability_zones.#": "3",
                            "availability_zones.1924028850": "eu-west-1b",
                            "availability_zones.3953592328": "eu-west-1a",
                            "availability_zones.94988580": "eu-west-1c",
                            "connection_draining": "false",
                            "connection_draining_timeout": "300",
                            "cross_zone_load_balancing": "true",
                            "dns_name": "elb-2036384862.eu-west-1.elb.amazonaws.com",
                            "health_check.#": "1",
                            "health_check.0.healthy_threshold": "2",
                            "health_check.0.interval": "30",
                            "health_check.0.target": "http:8080/var/www/html/index.html",
                            "health_check.0.timeout": "3",
                            "health_check.0.unhealthy_threshold": "2",
                            "id": "elb",
                            "idle_timeout": "60",
                            "instances.#": "0",
                            "internal": "false",
                            "listener.#": "1",
                            "listener.3931999347.instance_port": "8080",
                            "listener.3931999347.instance_protocol": "http",
                            "listener.3931999347.lb_port": "80",
                            "listener.3931999347.lb_protocol": "http",
                            "listener.3931999347.ssl_certificate_id": "",
                            "name": "elb",
                            "security_groups.#": "1",
                            "security_groups.3676715562": "sg-00b810fda6234e114",
                            "source_security_group": "289844369339/elb_security",
                            "source_security_group_id": "sg-00b810fda6234e114",
                            "subnets.#": "3",
                            "subnets.4138595822": "subnet-ff9667a4",
                            "subnets.4194301560": "subnet-99f446d0",
                            "subnets.764983370": "subnet-d2c673b5",
                            "tags.%": "0",
                            "zone_id": "Z32O12XQLNTSW2"
                        },
                        "meta": {},
                        "tainted": false
                    },
                    "deposed": [],
                    "provider": "provider.aws"
                },
                "aws_instance.supermax": {
                    "type": "aws_instance",
                    "depends_on": [
                        "aws_security_group.web-access"
                    ],
                    "primary": {
                        "id": "i-0c69743f04c4d7703",
                        "attributes": {
                            "ami": "ami-07683a44e80cd32c5",
                            "arn": "arn:aws:ec2:eu-west-1:289844369339:instance/i-0c69743f04c4d7703",
                            "associate_public_ip_address": "true",
                            "availability_zone": "eu-west-1c",
                            "cpu_core_count": "1",
                            "cpu_threads_per_core": "1",
                            "credit_specification.#": "1",
                            "credit_specification.0.cpu_credits": "standard",
                            "disable_api_termination": "false",
                            "ebs_block_device.#": "0",
                            "ebs_optimized": "false",
                            "ephemeral_block_device.#": "0",
                            "get_password_data": "false",
                            "iam_instance_profile": "",
                            "id": "i-0c69743f04c4d7703",
                            "instance_state": "running",
                            "instance_type": "t2.micro",
                            "ipv6_addresses.#": "0",
                            "key_name": "ceze",
                            "monitoring": "false",
                            "network_interface.#": "0",
                            "password_data": "",
                            "placement_group": "",
                            "primary_network_interface_id": "eni-0ae61b6925635152c",
                            "private_dns": "ip-172-31-25-254.eu-west-1.compute.internal",
                            "private_ip": "172.31.25.254",
                            "public_dns": "ec2-63-33-213-222.eu-west-1.compute.amazonaws.com",
                            "public_ip": "63.33.213.222",
                            "root_block_device.#": "1",
                            "root_block_device.0.delete_on_termination": "true",
                            "root_block_device.0.iops": "100",
                            "root_block_device.0.volume_id": "vol-08dc79cf891940975",
                            "root_block_device.0.volume_size": "8",
                            "root_block_device.0.volume_type": "gp2",
                            "security_groups.#": "1",
                            "security_groups.1914028396": "web-connect",
                            "source_dest_check": "true",
                            "subnet_id": "subnet-99f446d0",
                            "tags.%": "1",
                            "tags.Name": "Web-Serve",
                            "tenancy": "default",
                            "user_data": "737809aec8c73900a66204d51d86a03e3a270c43",
                            "volume_tags.%": "0",
                            "vpc_security_group_ids.#": "1",
                            "vpc_security_group_ids.1051503373": "sg-0b0d8bb69f43cbceb"
                        },
                        "meta": {
                            "e2bfb730-ecaa-11e6-8f88-34363bc7c4c0": {
                                "create": 600000000000,
                                "delete": 1200000000000,
                                "update": 600000000000
                            },
                            "schema_version": "1"
                        },
                        "tainted": false
                    },
                    "deposed": [],
                    "provider": "provider.aws"
                },
                "aws_launch_configuration.lc_ai": {
                    "type": "aws_launch_configuration",
                    "depends_on": [
                        "aws_security_group.web-access"
                    ],
                    "primary": {
                        "id": "cluster_temp",
                        "attributes": {
                            "associate_public_ip_address": "false",
                            "ebs_block_device.#": "0",
                            "ebs_optimized": "false",
                            "enable_monitoring": "true",
                            "ephemeral_block_device.#": "0",
                            "iam_instance_profile": "",
                            "id": "cluster_temp",
                            "image_id": "ami-07683a44e80cd32c5",
                            "instance_type": "m4.4xlarge",
                            "key_name": "ceze",
                            "name": "cluster_temp",
                            "root_block_device.#": "0",
                            "security_groups.#": "1",
                            "security_groups.1051503373": "sg-0b0d8bb69f43cbceb",
                            "spot_price": "",
                            "user_data": "d3dafcfaf8e45792111fc9b170dd28dc46afced7",
                            "vpc_classic_link_id": "",
                            "vpc_classic_link_security_groups.#": "0"
                        },
                        "meta": {},
                        "tainted": false
                    },
                    "deposed": [],
                    "provider": "provider.aws"
                },
                "aws_security_group.elb_sg": {
                    "type": "aws_security_group",
                    "depends_on": [],
                    "primary": {
                        "id": "sg-00b810fda6234e114",
                        "attributes": {
                            "arn": "arn:aws:ec2:eu-west-1:289844369339:security-group/sg-00b810fda6234e114",
                            "description": "Managed by Terraform",
                            "egress.#": "1",
                            "egress.482069346.cidr_blocks.#": "1",
                            "egress.482069346.cidr_blocks.0": "0.0.0.0/0",
                            "egress.482069346.description": "",
                            "egress.482069346.from_port": "0",
                            "egress.482069346.ipv6_cidr_blocks.#": "0",
                            "egress.482069346.prefix_list_ids.#": "0",
                            "egress.482069346.protocol": "-1",
                            "egress.482069346.security_groups.#": "0",
                            "egress.482069346.self": "false",
                            "egress.482069346.to_port": "0",
                            "id": "sg-00b810fda6234e114",
                            "ingress.#": "1",
                            "ingress.2214680975.cidr_blocks.#": "1",
                            "ingress.2214680975.cidr_blocks.0": "0.0.0.0/0",
                            "ingress.2214680975.description": "",
                            "ingress.2214680975.from_port": "80",
                            "ingress.2214680975.ipv6_cidr_blocks.#": "0",
                            "ingress.2214680975.prefix_list_ids.#": "0",
                            "ingress.2214680975.protocol": "tcp",
                            "ingress.2214680975.security_groups.#": "0",
                            "ingress.2214680975.self": "false",
                            "ingress.2214680975.to_port": "80",
                            "name": "elb_security",
                            "owner_id": "289844369339",
                            "revoke_rules_on_delete": "false",
                            "tags.%": "0",
                            "vpc_id": "vpc-45ca7a22"
                        },
                        "meta": {
                            "e2bfb730-ecaa-11e6-8f88-34363bc7c4c0": {
                                "create": 600000000000,
                                "delete": 600000000000
                            },
                            "schema_version": "1"
                        },
                        "tainted": false
                    },
                    "deposed": [],
                    "provider": "provider.aws"
                },
                "aws_security_group.web-access": {
                    "type": "aws_security_group",
                    "depends_on": [],
                    "primary": {
                        "id": "sg-0b0d8bb69f43cbceb",
                        "attributes": {
                            "arn": "arn:aws:ec2:eu-west-1:289844369339:security-group/sg-0b0d8bb69f43cbceb",
                            "description": "Managed by Terraform",
                            "egress.#": "0",
                            "id": "sg-0b0d8bb69f43cbceb",
                            "ingress.#": "2",
                            "ingress.2541437006.cidr_blocks.#": "1",
                            "ingress.2541437006.cidr_blocks.0": "0.0.0.0/0",
                            "ingress.2541437006.description": "",
                            "ingress.2541437006.from_port": "22",
                            "ingress.2541437006.ipv6_cidr_blocks.#": "0",
                            "ingress.2541437006.prefix_list_ids.#": "0",
                            "ingress.2541437006.protocol": "tcp",
                            "ingress.2541437006.security_groups.#": "0",
                            "ingress.2541437006.self": "false",
                            "ingress.2541437006.to_port": "22",
                            "ingress.516175195.cidr_blocks.#": "1",
                            "ingress.516175195.cidr_blocks.0": "0.0.0.0/0",
                            "ingress.516175195.description": "",
                            "ingress.516175195.from_port": "8080",
                            "ingress.516175195.ipv6_cidr_blocks.#": "0",
                            "ingress.516175195.prefix_list_ids.#": "0",
                            "ingress.516175195.protocol": "tcp",
                            "ingress.516175195.security_groups.#": "0",
                            "ingress.516175195.self": "false",
                            "ingress.516175195.to_port": "8080",
                            "name": "web-connect",
                            "owner_id": "289844369339",
                            "revoke_rules_on_delete": "false",
                            "tags.%": "1",
                            "tags.Name": "Test-exec",
                            "vpc_id": "vpc-45ca7a22"
                        },
                        "meta": {
                            "e2bfb730-ecaa-11e6-8f88-34363bc7c4c0": {
                                "create": 600000000000,
                                "delete": 600000000000
                            },
                            "schema_version": "1"
                        },
                        "tainted": false
                    },
                    "deposed": [],
                    "provider": "provider.aws"
                },
                "data.aws_availability_zones.all": {
                    "type": "aws_availability_zones",
                    "depends_on": [],
                    "primary": {
                        "id": "2019-04-05 20:09:54.767000422 +0000 UTC",
                        "attributes": {
                            "id": "2019-04-05 20:09:54.767000422 +0000 UTC",
                            "names.#": "3",
                            "names.0": "eu-west-1a",
                            "names.1": "eu-west-1b",
                            "names.2": "eu-west-1c",
                            "zone_ids.#": "3",
                            "zone_ids.0": "euw1-az3",
                            "zone_ids.1": "euw1-az1",
                            "zone_ids.2": "euw1-az2"
                        },
                        "meta": {},
                        "tainted": false
                    },
                    "deposed": [],
                    "provider": "provider.aws"
                }
            },
            "depends_on": []
        }
    ]
}
